
Microsoft Visual Studio Solution File, Format Version 12.00
# Visual Studio 2012
Project("{FAE04EC0-301F-11D3-BF4B-00C04F79EFBC}") = "Assignment-4-2", "Assignment-4-2\Assignment-4-2.csproj", "{19AE3DE7-CEE9-472C-8D9B-7061EFA5BC9F}"
EndProject
Project("{FAE04EC0-301F-11D3-BF4B-00C04F79EFBC}") = "DAL_Project", "..\DALproject\DAL_Project\DAL_Project\DAL_Project.csproj", "{E3026510-5B06-4FF2-816B-3F06CBE5F7DF}"
EndProject
Global
	GlobalSection(SolutionConfigurationPlatforms) = preSolution
		Debug|Any CPU = Debug|Any CPU
		Release|Any CPU = Release|Any CPU
	EndGlobalSection
	GlobalSection(ProjectConfigurationPlatforms) = postSolution
		{19AE3DE7-CEE9-472C-8D9B-7061EFA5BC9F}.Debug|Any CPU.ActiveCfg = Debug|Any CPU
		{19AE3DE7-CEE9-472C-8D9B-7061EFA5BC9F}.Debug|Any CPU.Build.0 = Debug|Any CPU
		{19AE3DE7-CEE9-472C-8D9B-7061EFA5BC9F}.Release|Any CPU.ActiveCfg = Release|Any CPU
		{19AE3DE7-CEE9-472C-8D9B-7061EFA5BC9F}.Release|Any CPU.Build.0 = Release|Any CPU
		{E3026510-5B06-4FF2-816B-3F06CBE5F7DF}.Debug|Any CPU.ActiveCfg = Debug|Any CPU
		{E3026510-5B06-4FF2-816B-3F06CBE5F7DF}.Debug|Any CPU.Build.0 = Debug|Any CPU
		{E3026510-5B06-4FF2-816B-3F06CBE5F7DF}.Release|Any CPU.ActiveCfg = Release|Any CPU
		{E3026510-5B06-4FF2-816B-3F06CBE5F7DF}.Release|Any CPU.Build.0 = Release|Any CPU
	EndGlobalSection
	GlobalSection(SolutionProperties) = preSolution
		HideSolutionNode = FALSE
	EndGlobalSection
EndGlobal
